// !$*UTF8*$!
{
	archiveVersion = 1;
	classes = {
	};
	objectVersion = 46;
	objects = {

/* Begin PBXBuildFile section */
		7E0D42491822A45B00FC89C3 /* TDLToDoItem.m in Sources */ = {isa = PBXBuildFile; fileRef = 7E0D42481822A45B00FC89C3 /* TDLToDoItem.m */; };
		7E741E7B181F6C5500098248 /* Foundation.framework in Frameworks */ = {isa = PBXBuildFile; fileRef = 7E741E7A181F6C5500098248 /* Foundation.framework */; };
		7E741E7D181F6C5500098248 /* CoreGraphics.framework in Frameworks */ = {isa = PBXBuildFile; fileRef = 7E741E7C181F6C5500098248 /* CoreGraphics.framework */; };
		7E741E7F181F6C5500098248 /* UIKit.framework in Frameworks */ = {isa = PBXBuildFile; fileRef = 7E741E7E181F6C5500098248 /* UIKit.framework */; };
		7E741E85181F6C5500098248 /* InfoPlist.strings in Resources */ = {isa = PBXBuildFile; fileRef = 7E741E83181F6C5500098248 /* InfoPlist.strings */; };
		7E741E87181F6C5500098248 /* main.m in Sources */ = {isa = PBXBuildFile; fileRef = 7E741E86181F6C5500098248 /* main.m */; };
		7E741E8B181F6C5500098248 /* TDLAppDelegate.m in Sources */ = {isa = PBXBuildFile; fileRef = 7E741E8A181F6C5500098248 /* TDLAppDelegate.m */; };
		7E741E8D181F6C5500098248 /* Images.xcassets in Resources */ = {isa = PBXBuildFile; fileRef = 7E741E8C181F6C5500098248 /* Images.xcassets */; };
		7E741E94181F6C5500098248 /* XCTest.framework in Frameworks */ = {isa = PBXBuildFile; fileRef = 7E741E93181F6C5500098248 /* XCTest.framework */; };
		7E741E95181F6C5500098248 /* Foundation.framework in Frameworks */ = {isa = PBXBuildFile; fileRef = 7E741E7A181F6C5500098248 /* Foundation.framework */; };
		7E741E96181F6C5500098248 /* UIKit.framework in Frameworks */ = {isa = PBXBuildFile; fileRef = 7E741E7E181F6C5500098248 /* UIKit.framework */; };
		7E741E9E181F6C5500098248 /* InfoPlist.strings in Resources */ = {isa = PBXBuildFile; fileRef = 7E741E9C181F6C5500098248 /* InfoPlist.strings */; };
		7E741EA0181F6C5500098248 /* ToDoListTests.m in Sources */ = {isa = PBXBuildFile; fileRef = 7E741E9F181F6C5500098248 /* ToDoListTests.m */; };
		7ED7FE8F181FFF3C00FC8EA7 /* TDLAddToDoItemViewController.m in Sources */ = {isa = PBXBuildFile; fileRef = 7ED7FE8E181FFF3C00FC8EA7 /* TDLAddToDoItemViewController.m */; };
		7ED7FE921820014F00FC8EA7 /* TDLToDoListViewController.m in Sources */ = {isa = PBXBuildFile; fileRef = 7ED7FE911820014F00FC8EA7 /* TDLToDoListViewController.m */; };
		7EF07450181F76D30090BB76 /* Main.storyboard in Resources */ = {isa = PBXBuildFile; fileRef = 7EF0744F181F76D30090BB76 /* Main.storyboard */; };
/* End PBXBuildFile section */

/* Begin PBXContainerItemProxy section */
		7E741E97181F6C5500098248 /* PBXContainerItemProxy */ = {
			isa = PBXContainerItemProxy;
			containerPortal = 7E741E6F181F6C5500098248 /* Project object */;
			proxyType = 1;
			remoteGlobalIDString = 7E741E76181F6C5500098248;
			remoteInfo = ToDoList;
		};
/* End PBXContainerItemProxy section */

/* Begin PBXFileReference section */
		7E0D42471822A45B00FC89C3 /* TDLToDoItem.h */ = {isa = PBXFileReference; fileEncoding = 4; lastKnownFileType = sourcecode.c.h; path = TDLToDoItem.h; sourceTree = "<group>"; };
		7E0D42481822A45B00FC89C3 /* TDLToDoItem.m */ = {isa = PBXFileReference; fileEncoding = 4; lastKnownFileType = sourcecode.c.objc; path = TDLToDoItem.m; sourceTree = "<group>"; };
		7E741E77181F6C5500098248 /* ToDoList.app */ = {isa = PBXFileReference; explicitFileType = wrapper.application; includeInIndex = 0; path = ToDoList.app; sourceTree = BUILT_PRODUCTS_DIR; };
		7E741E7A181F6C5500098248 /* Foundation.framework */ = {isa = PBXFileReference; lastKnownFileType = wrapper.framework; name = Foundation.framework; path = System/Library/Frameworks/Foundation.framework; sourceTree = SDKROOT; };
		7E741E7C181F6C5500098248 /* CoreGraphics.framework */ = {isa = PBXFileReference; lastKnownFileType = wrapper.framework; name = CoreGraphics.framework; path = System/Library/Frameworks/CoreGraphics.framework; sourceTree = SDKROOT; };
		7E741E7E181F6C5500098248 /* UIKit.framework */ = {isa = PBXFileReference; lastKnownFileType = wrapper.framework; name = UIKit.framework; path = System/Library/Frameworks/UIKit.framework; sourceTree = SDKROOT; };
		7E741E82181F6C5500098248 /* ToDoList-Info.plist */ = {isa = PBXFileReference; lastKnownFileType = text.plist.xml; path = "ToDoList-Info.plist"; sourceTree = "<group>"; };
		7E741E84181F6C5500098248 /* en */ = {isa = PBXFileReference; lastKnownFileType = text.plist.strings; name = en; path = en.lproj/InfoPlist.strings; sourceTree = "<group>"; };
		7E741E86181F6C5500098248 /* main.m */ = {isa = PBXFileReference; lastKnownFileType = sourcecode.c.objc; path = main.m; sourceTree = "<group>"; };
		7E741E88181F6C5500098248 /* ToDoList-Prefix.pch */ = {isa = PBXFileReference; lastKnownFileType = sourcecode.c.h; path = "ToDoList-Prefix.pch"; sourceTree = "<group>"; };
		7E741E89181F6C5500098248 /* TDLAppDelegate.h */ = {isa = PBXFileReference; lastKnownFileType = sourcecode.c.h; path = TDLAppDelegate.h; sourceTree = "<group>"; };
		7E741E8A181F6C5500098248 /* TDLAppDelegate.m */ = {isa = PBXFileReference; lastKnownFileType = sourcecode.c.objc; path = TDLAppDelegate.m; sourceTree = "<group>"; };
		7E741E8C181F6C5500098248 /* Images.xcassets */ = {isa = PBXFileReference; lastKnownFileType = folder.assetcatalog; path = Images.xcassets; sourceTree = "<group>"; };
		7E741E92181F6C5500098248 /* ToDoListTests.xctest */ = {isa = PBXFileReference; explicitFileType = wrapper.cfbundle; includeInIndex = 0; path = ToDoListTests.xctest; sourceTree = BUILT_PRODUCTS_DIR; };
		7E741E93181F6C5500098248 /* XCTest.framework */ = {isa = PBXFileReference; lastKnownFileType = wrapper.framework; name = XCTest.framework; path = Library/Frameworks/XCTest.framework; sourceTree = DEVELOPER_DIR; };
		7E741E9B181F6C5500098248 /* ToDoListTests-Info.plist */ = {isa = PBXFileReference; lastKnownFileType = text.plist.xml; path = "ToDoListTests-Info.plist"; sourceTree = "<group>"; };
		7E741E9D181F6C5500098248 /* en */ = {isa = PBXFileReference; lastKnownFileType = text.plist.strings; name = en; path = en.lproj/InfoPlist.strings; sourceTree = "<group>"; };
		7E741E9F181F6C5500098248 /* ToDoListTests.m */ = {isa = PBXFileReference; lastKnownFileType = sourcecode.c.objc; path = ToDoListTests.m; sourceTree = "<group>"; };
		7ED7FE8D181FFF3C00FC8EA7 /* TDLAddToDoItemViewController.h */ = {isa = PBXFileReference; fileEncoding = 4; lastKnownFileType = sourcecode.c.h; path = TDLAddToDoItemViewController.h; sourceTree = "<group>"; };
		7ED7FE8E181FFF3C00FC8EA7 /* TDLAddToDoItemViewController.m */ = {isa = PBXFileReference; fileEncoding = 4; lastKnownFileType = sourcecode.c.objc; path = TDLAddToDoItemViewController.m; sourceTree = "<group>"; };
		7ED7FE901820014F00FC8EA7 /* TDLToDoListViewController.h */ = {isa = PBXFileReference; fileEncoding = 4; lastKnownFileType = sourcecode.c.h; path = TDLToDoListViewController.h; sourceTree = "<group>"; };
		7ED7FE911820014F00FC8EA7 /* TDLToDoListViewController.m */ = {isa = PBXFileReference; fileEncoding = 4; lastKnownFileType = sourcecode.c.objc; path = TDLToDoListViewController.m; sourceTree = "<group>"; };
		7EF0744F181F76D30090BB76 /* Main.storyboard */ = {isa = PBXFileReference; fileEncoding = 4; lastKnownFileType = file.storyboard; path = Main.storyboard; sourceTree = "<group>"; };
/* End PBXFileReference section */

/* Begin PBXFrameworksBuildPhase section */
		7E741E74181F6C5500098248 /* Frameworks */ = {
			isa = PBXFrameworksBuildPhase;
			buildActionMask = 2147483647;
			files = (
				7E741E7D181F6C5500098248 /* CoreGraphics.framework in Frameworks */,
				7E741E7F181F6C5500098248 /* UIKit.framework in Frameworks */,
				7E741E7B181F6C5500098248 /* Foundation.framework in Frameworks */,
			);
			runOnlyForDeploymentPostprocessing = 0;
		};
		7E741E8F181F6C5500098248 /* Frameworks */ = {
			isa = PBXFrameworksBuildPhase;
			buildActionMask = 2147483647;
			files = (
				7E741E94181F6C5500098248 /* XCTest.framework in Frameworks */,
				7E741E96181F6C5500098248 /* UIKit.framework in Frameworks */,
				7E741E95181F6C5500098248 /* Foundation.framework in Frameworks */,
			);
			runOnlyForDeploymentPostprocessing = 0;
		};
/* End PBXFrameworksBuildPhase section */

/* Begin PBXGroup section */
		7E741E6E181F6C5500098248 = {
			isa = PBXGroup;
			children = (
				7E741E80181F6C5500098248 /* ToDoList */,
				7E741E99181F6C5500098248 /* ToDoListTests */,
				7E741E79181F6C5500098248 /* Frameworks */,
				7E741E78181F6C5500098248 /* Products */,
			);
			sourceTree = "<group>";
		};
		7E741E78181F6C5500098248 /* Products */ = {
			isa = PBXGroup;
			children = (
				7E741E77181F6C5500098248 /* ToDoList.app */,
				7E741E92181F6C5500098248 /* ToDoListTests.xctest */,
			);
			name = Products;
			sourceTree = "<group>";
		};
		7E741E79181F6C5500098248 /* Frameworks */ = {
			isa = PBXGroup;
			children = (
				7E741E7A181F6C5500098248 /* Foundation.framework */,
				7E741E7C181F6C5500098248 /* CoreGraphics.framework */,
				7E741E7E181F6C5500098248 /* UIKit.framework */,
				7E741E93181F6C5500098248 /* XCTest.framework */,
			);
			name = Frameworks;
			sourceTree = "<group>";
		};
		7E741E80181F6C5500098248 /* ToDoList */ = {
			isa = PBXGroup;
			children = (
				7E741E89181F6C5500098248 /* TDLAppDelegate.h */,
				7ED7FE8D181FFF3C00FC8EA7 /* TDLAddToDoItemViewController.h */,
				7ED7FE901820014F00FC8EA7 /* TDLToDoListViewController.h */,
				7ED7FE911820014F00FC8EA7 /* TDLToDoListViewController.m */,
				7ED7FE8E181FFF3C00FC8EA7 /* TDLAddToDoItemViewController.m */,
				7E741E8A181F6C5500098248 /* TDLAppDelegate.m */,
				7EF0744F181F76D30090BB76 /* Main.storyboard */,
				7E0D42471822A45B00FC89C3 /* TDLToDoItem.h */,
				7E0D42481822A45B00FC89C3 /* TDLToDoItem.m */,
				7E741E8C181F6C5500098248 /* Images.xcassets */,
				7E741E81181F6C5500098248 /* Supporting Files */,
			);
			path = ToDoList;
			sourceTree = "<group>";
		};
		7E741E81181F6C5500098248 /* Supporting Files */ = {
			isa = PBXGroup;
			children = (
				7E741E82181F6C5500098248 /* ToDoList-Info.plist */,
				7E741E83181F6C5500098248 /* InfoPlist.strings */,
				7E741E86181F6C5500098248 /* main.m */,
				7E741E88181F6C5500098248 /* ToDoList-Prefix.pch */,
			);
			name = "Supporting Files";
			sourceTree = "<group>";
		};
		7E741E99181F6C5500098248 /* ToDoListTests */ = {
			isa = PBXGroup;
			children = (
				7E741E9F181F6C5500098248 /* ToDoListTests.m */,
				7E741E9A181F6C5500098248 /* Supporting Files */,
			);
			path = ToDoListTests;
			sourceTree = "<group>";
		};
		7E741E9A181F6C5500098248 /* Supporting Files */ = {
			isa = PBXGroup;
			children = (
				7E741E9B181F6C5500098248 /* ToDoListTests-Info.plist */,
				7E741E9C181F6C5500098248 /* InfoPlist.strings */,
			);
			name = "Supporting Files";
			sourceTree = "<group>";
		};
/* End PBXGroup section */

/* Begin PBXNativeTarget section */
		7E741E76181F6C5500098248 /* ToDoList */ = {
			isa = PBXNativeTarget;
			buildConfigurationList = 7E741EA3181F6C5500098248 /* Build configuration list for PBXNativeTarget "ToDoList" */;
			buildPhases = (
				7E741E73181F6C5500098248 /* Sources */,
				7E741E74181F6C5500098248 /* Frameworks */,
				7E741E75181F6C5500098248 /* Resources */,
			);
			buildRules = (
			);
			dependencies = (
			);
			name = ToDoList;
			productName = ToDoList;
			productReference = 7E741E77181F6C5500098248 /* ToDoList.app */;
			productType = "com.apple.product-type.application";
		};
		7E741E91181F6C5500098248 /* ToDoListTests */ = {
			isa = PBXNativeTarget;
			buildConfigurationList = 7E741EA6181F6C5500098248 /* Build configuration list for PBXNativeTarget "ToDoListTests" */;
			buildPhases = (
				7E741E8E181F6C5500098248 /* Sources */,
				7E741E8F181F6C5500098248 /* Frameworks */,
				7E741E90181F6C5500098248 /* Resources */,
			);
			buildRules = (
			);
			dependencies = (
				7E741E98181F6C5500098248 /* PBXTargetDependency */,
			);
			name = ToDoListTests;
			productName = ToDoListTests;
			productReference = 7E741E92181F6C5500098248 /* ToDoListTests.xctest */;
			productType = "com.apple.product-type.bundle.unit-test";
		};
/* End PBXNativeTarget section */

/* Begin PBXProject section */
		7E741E6F181F6C5500098248 /* Project object */ = {
			isa = PBXProject;
			attributes = {
				CLASSPREFIX = TDL;
				LastUpgradeCheck = 0500;
				ORGANIZATIONNAME = Jianaggie;
				TargetAttributes = {
					7E741E91181F6C5500098248 = {
						TestTargetID = 7E741E76181F6C5500098248;
					};
				};
			};
			buildConfigurationList = 7E741E72181F6C5500098248 /* Build configuration list for PBXProject "ToDoList" */;
			compatibilityVersion = "Xcode 3.2";
			developmentRegion = English;
			hasScannedForEncodings = 0;
			knownRegions = (
				en,
			);
			mainGroup = 7E741E6E181F6C5500098248;
			productRefGroup = 7E741E78181F6C5500098248 /* Products */;
			projectDirPath = "";
			projectRoot = "";
			targets = (
				7E741E76181F6C5500098248 /* ToDoList */,
				7E741E91181F6C5500098248 /* ToDoListTests */,
			);
		};
/* End PBXProject section */

/* Begin PBXResourcesBuildPhase section */
		7E741E75181F6C5500098248 /* Resources */ = {
			isa = PBXResourcesBuildPhase;
			buildActionMask = 2147483647;
			files = (
				7EF07450181F76D30090BB76 /* Main.storyboard in Resources */,
				7E741E85181F6C5500098248 /* InfoPlist.strings in Resources */,
				7E741E8D181F6C5500098248 /* Images.xcassets in Resources */,
			);
			runOnlyForDeploymentPostprocessing = 0;
		};
		7E741E90181F6C5500098248 /* Resources */ = {
			isa = PBXResourcesBuildPhase;
			buildActionMask = 2147483647;
			files = (
				7E741E9E181F6C5500098248 /* InfoPlist.strings in Resources */,
			);
			runOnlyForDeploymentPostprocessing = 0;
		};
/* End PBXResourcesBuildPhase section */

/* Begin PBXSourcesBuildPhase section */
		7E741E73181F6C5500098248 /* Sources */ = {
			isa = PBXSourcesBuildPhase;
			buildActionMask = 2147483647;
			files = (
				7E741E87181F6C5500098248 /* main.m in Sources */,
				7ED7FE8F181FFF3C00FC8EA7 /* TDLAddToDoItemViewController.m in Sources */,
				7E741E8B181F6C5500098248 /* TDLAppDelegate.m in Sources */,
				7E0D42491822A45B00FC89C3 /* TDLToDoItem.m in Sources */,
				7ED7FE921820014F00FC8EA7 /* TDLToDoListViewController.m in Sources */,
			);
			runOnlyForDeploymentPostprocessing = 0;
		};
		7E741E8E181F6C5500098248 /* Sources */ = {
			isa = PBXSourcesBuildPhase;
			buildActionMask = 2147483647;
			files = (
				7E741EA0181F6C5500098248 /* ToDoListTests.m in Sources */,
			);
			runOnlyForDeploymentPostprocessing = 0;
		};
/* End PBXSourcesBuildPhase section */

/* Begin PBXTargetDependency section */
		7E741E98181F6C5500098248 /* PBXTargetDependency */ = {
			isa = PBXTargetDependency;
			target = 7E741E76181F6C5500098248 /* ToDoList */;
			targetProxy = 7E741E97181F6C5500098248 /* PBXContainerItemProxy */;
		};
/* End PBXTargetDependency section */

/* Begin PBXVariantGroup section */
		7E741E83181F6C5500098248 /* InfoPlist.strings */ = {
			isa = PBXVariantGroup;
			children = (
				7E741E84181F6C5500098248 /* en */,
			);
			name = InfoPlist.strings;
			sourceTree = "<group>";
		};
		7E741E9C181F6C5500098248 /* InfoPlist.strings */ = {
			isa = PBXVariantGroup;
			children = (
				7E741E9D181F6C5500098248 /* en */,
			);
			name = InfoPlist.strings;
			sourceTree = "<group>";
		};
/* End PBXVariantGroup section */

/* Begin XCBuildConfiguration section */
		7E741EA1181F6C5500098248 /* Debug */ = {
			isa = XCBuildConfiguration;
			buildSettings = {
				ALWAYS_SEARCH_USER_PATHS = NO;
				ARCHS = "$(ARCHS_STANDARD_INCLUDING_64_BIT)";
				CLANG_CXX_LANGUAGE_STANDARD = "gnu++0x";
				CLANG_CXX_LIBRARY = "libc++";
				CLANG_ENABLE_MODULES = YES;
				CLANG_ENABLE_OBJC_ARC = YES;
				CLANG_WARN_BOOL_CONVERSION = YES;
				CLANG_WARN_CONSTANT_CONVERSION = YES;
				CLANG_WARN_DIRECT_OBJC_ISA_USAGE = YES_ERROR;
				CLANG_WARN_EMPTY_BODY = YES;
				CLANG_WARN_ENUM_CONVERSION = YES;
				CLANG_WARN_INT_CONVERSION = YES;
				CLANG_WARN_OBJC_ROOT_CLASS = YES_ERROR;
				CLANG_WARN__DUPLICATE_METHOD_MATCH = YES;
				"CODE_SIGN_IDENTITY[sdk=iphoneos*]" = "iPhone Developer";
				COPY_PHASE_STRIP = NO;
				GCC_C_LANGUAGE_STANDARD = gnu99;
				GCC_DYNAMIC_NO_PIC = NO;
				GCC_OPTIMIZATION_LEVEL = 0;
				GCC_PREPROCESSOR_DEFINITIONS = (
					"DEBUG=1",
					"$(inherited)",
				);
				GCC_SYMBOLS_PRIVATE_EXTERN = NO;
				GCC_WARN_64_TO_32_BIT_CONVERSION = YES;
				GCC_WARN_ABOUT_RETURN_TYPE = YES_ERROR;
				GCC_WARN_UNDECLARED_SELECTOR = YES;
				GCC_WARN_UNINITIALIZED_AUTOS = YES;
				GCC_WARN_UNUSED_FUNCTION = YES;
				GCC_WARN_UNUSED_VARIABLE = YES;
				IPHONEOS_DEPLOYMENT_TARGET = 7.0;
				ONLY_ACTIVE_ARCH = YES;
				SDKROOT = iphoneos;
			};
			name = Debug;
		};
		7E741EA2181F6C5500098248 /* Release */ = {
			isa = XCBuildConfiguration;
			buildSettings = {
				ALWAYS_SEARCH_USER_PATHS = NO;
				ARCHS = "$(ARCHS_STANDARD_INCLUDING_64_BIT)";
				CLANG_CXX_LANGUAGE_STANDARD = "gnu++0x";
				CLANG_CXX_LIBRARY = "libc++";
				CLANG_ENABLE_MODULES = YES;
				CLANG_ENABLE_OBJC_ARC = YES;
				CLANG_WARN_BOOL_CONVERSION = YES;
				CLANG_WARN_CONSTANT_CONVERSION = YES;
				CLANG_WARN_DIRECT_OBJC_ISA_USAGE = YES_ERROR;
				CLANG_WARN_EMPTY_BODY = YES;
				CLANG_WARN_ENUM_CONVERSION = YES;
				CLANG_WARN_INT_CONVERSION = YES;
				CLANG_WARN_OBJC_ROOT_CLASS = YES_ERROR;
				CLANG_WARN__DUPLICATE_METHOD_MATCH = YES;
				"CODE_SIGN_IDENTITY[sdk=iphoneos*]" = "iPhone Developer";
				COPY_PHASE_STRIP = YES;
				ENABLE_NS_ASSERTIONS = NO;
				GCC_C_LANGUAGE_STANDARD = gnu99;
				GCC_WARN_64_TO_32_BIT_CONVERSION = YES;
				GCC_WARN_ABOUT_RETURN_TYPE = YES_ERROR;
				GCC_WARN_UNDECLARED_SELECTOR = YES;
				GCC_WARN_UNINITIALIZED_AUTOS = YES;
				GCC_WARN_UNUSED_FUNCTION = YES;
				GCC_WARN_UNUSED_VARIABLE = YES;
				IPHONEOS_DEPLOYMENT_TARGET = 7.0;
				SDKROOT = iphoneos;
				VALIDATE_PRODUCT = YES;
			};
			name = Release;
		};
		7E741EA4181F6C5500098248 /* Debug */ = {
			isa = XCBuildConfiguration;
			buildSettings = {
				ASSETCATALOG_COMPILER_APPICON_NAME = AppIcon;
				ASSETCATALOG_COMPILER_LAUNCHIMAGE_NAME = LaunchImage;
				GCC_PRECOMPILE_PREFIX_HEADER = YES;
				GCC_PREFIX_HEADER = "ToDoList/ToDoList-Prefix.pch";
				INFOPLIST_FILE = "ToDoList/ToDoList-Info.plist";
				PRODUCT_NAME = "$(TARGET_NAME)";
				WRAPPER_EXTENSION = app;
			};
			name = Debug;
		};
		7E741EA5181F6C5500098248 /* Release */ = {
			isa = XCBuildConfiguration;
			buildSettings = {
				ASSETCATALOG_COMPILER_APPICON_NAME = AppIcon;
				ASSETCATALOG_COMPILER_LAUNCHIMAGE_NAME = LaunchImage;
				GCC_PRECOMPILE_PREFIX_HEADER = YES;
				GCC_PREFIX_HEADER = "ToDoList/ToDoList-Prefix.pch";
				INFOPLIST_FILE = "ToDoList/ToDoList-Info.plist";
				PRODUCT_NAME = "$(TARGET_NAME)";
				WRAPPER_EXTENSION = app;
			};
			name = Release;
		};
		7E741EA7181F6C5500098248 /* Debug */ = {
			isa = XCBuildConfiguration;
			buildSettings = {
				ARCHS = "$(ARCHS_STANDARD_INCLUDING_64_BIT)";
				BUNDLE_LOADER = "$(BUILT_PRODUCTS_DIR)/ToDoList.app/ToDoList";
				FRAMEWORK_SEARCH_PATHS = (
					"$(SDKROOT)/Developer/Library/Frameworks",
					"$(inherited)",
					"$(DEVELOPER_FRAMEWORKS_DIR)",
				);
				GCC_PRECOMPILE_PREFIX_HEADER = YES;
				GCC_PREFIX_HEADER = "ToDoList/ToDoList-Prefix.pch";
				GCC_PREPROCESSOR_DEFINITIONS = (
					"DEBUG=1",
					"$(inherited)",
				);
				INFOPLIST_FILE = "ToDoListTests/ToDoListTests-Info.plist";
				PRODUCT_NAME = "$(TARGET_NAME)";
				TEST_HOST = "$(BUNDLE_LOADER)";
				WRAPPER_EXTENSION = xctest;
			};
			name = Debug;
		};
		7E741EA8181F6C5500098248 /* Release */ = {
			isa = XCBuildConfiguration;
			buildSettings = {
				ARCHS = "$(ARCHS_STANDARD_INCLUDING_64_BIT)";
				BUNDLE_LOADER = "$(BUILT_PRODUCTS_DIR)/ToDoList.app/ToDoList";
				FRAMEWORK_SEARCH_PATHS = (
					"$(SDKROOT)/Developer/Library/Frameworks",
					"$(inherited)",
					"$(DEVELOPER_FRAMEWORKS_DIR)",
				);
				GCC_PRECOMPILE_PREFIX_HEADER = YES;
				GCC_PREFIX_HEADER = "ToDoList/ToDoList-Prefix.pch";
				INFOPLIST_FILE = "ToDoListTests/ToDoListTests-Info.plist";
				PRODUCT_NAME = "$(TARGET_NAME)";
				TEST_HOST = "$(BUNDLE_LOADER)";
				WRAPPER_EXTENSION = xctest;
			};
			name = Release;
		};
/* End XCBuildConfiguration section */

/* Begin XCConfigurationList section */
		7E741E72181F6C5500098248 /* Build configuration list for PBXProject "ToDoList" */ = {
			isa = XCConfigurationList;
			buildConfigurations = (
				7E741EA1181F6C5500098248 /* Debug */,
				7E741EA2181F6C5500098248 /* Release */,
			);
			defaultConfigurationIsVisible = 0;
			defaultConfigurationName = Release;
		};
		7E741EA3181F6C5500098248 /* Build configuration list for PBXNativeTarget "ToDoList" */ = {
			isa = XCConfigurationList;
			buildConfigurations = (
				7E741EA4181F6C5500098248 /* Debug */,
				7E741EA5181F6C5500098248 /* Release */,
			);
			defaultConfigurationIsVisible = 0;
			defaultConfigurationName = Release;
		};
		7E741EA6181F6C5500098248 /* Build configuration list for PBXNativeTarget "ToDoListTests" */ = {
			isa = XCConfigurationList;
			buildConfigurations = (
				7E741EA7181F6C5500098248 /* Debug */,
				7E741EA8181F6C5500098248 /* Release */,
			);
			defaultConfigurationIsVisible = 0;
			defaultConfigurationName = Release;
		};
/* End XCConfigurationList section */
	};
	rootObject = 7E741E6F181F6C5500098248 /* Project object */;
}
